
Microsoft Visual Studio Solution File, Format Version 12.00
Project("{2150E333-8FDC-42A3-9474-1A3956D46DE8}") = "src", "src", "{506E9A27-720A-401C-8E90-8B75A1234278}"
EndProject
Project("{2150E333-8FDC-42A3-9474-1A3956D46DE8}") = "1.Api", "Api", "{5818E696-3968-4F8F-97FA-858489D4F0E4}"
EndProject
Project("{2150E333-8FDC-42A3-9474-1A3956D46DE8}") = "2.Application", "Application", "{A8101039-A629-471D-B99E-B52984C884F5}"
EndProject
Project("{2150E333-8FDC-42A3-9474-1A3956D46DE8}") = "3.Domain", "Domain", "{ED561240-CAE5-4F1D-9DD4-C107B0153028}"
EndProject
Project("{2150E333-8FDC-42A3-9474-1A3956D46DE8}") = "4.Infrastructure", "Infrastructure", "{5F34EA21-2ADD-4A63-AE91-4CB6E18D9181}"
EndProject
Project("{2150E333-8FDC-42A3-9474-1A3956D46DE8}") = "5.Common", "Common", "{B68D4CE1-19FD-48A9-8EA5-20B2D4EE3B0E}"
EndProject
Project("{2150E333-8FDC-42A3-9474-1A3956D46DE8}") = "6.Database", "Database", "{D3C79F53-1A80-4116-A0AD-3130B8C8936D}"
EndProject
Project("{FAE04EC0-301F-11D3-BF4B-00C04F79EFBC}") = "SHT.Api.Web", "src\Api\SHT.Api.Web\SHT.Api.Web.csproj", "{A9DF7954-A9B8-4CC4-902E-514DD0DB934E}"
EndProject
Project("{FAE04EC0-301F-11D3-BF4B-00C04F79EFBC}") = "SHT.Application", "src\Application\SHT.Application\SHT.Application.csproj", "{A327B23D-997E-478E-A0AA-5C3AD5CEAB1A}"
EndProject
Project("{FAE04EC0-301F-11D3-BF4B-00C04F79EFBC}") = "SHT.Domain.Tests", "src\Domain\SHT.Domain.Tests\SHT.Domain.Tests.csproj", "{119BCA03-DAB8-4C4E-9B8A-D6263D644108}"
EndProject
Project("{FAE04EC0-301F-11D3-BF4B-00C04F79EFBC}") = "SHT.Domain.Models", "src\Domain\SHT.Domain.Models\SHT.Domain.Models.csproj", "{C40E09BA-0975-47FB-AC4E-6FB8D718F441}"
EndProject
Project("{FAE04EC0-301F-11D3-BF4B-00C04F79EFBC}") = "SHT.Infrastructure.Common", "src\Infrastructure\SHT.Infrastructure.Common\SHT.Infrastructure.Common.csproj", "{9AAE0C31-2C9E-4845-9DD7-B0E027231325}"
EndProject
Project("{2150E333-8FDC-42A3-9474-1A3956D46DE8}") = "common", "common", "{4007B6FF-729B-425D-A292-39E9FFD9E11C}"
ProjectSection(SolutionItems) = preProject
	common\Common.props = common\Common.props
EndProjectSection
EndProject
Project("{FAE04EC0-301F-11D3-BF4B-00C04F79EFBC}") = "SHT.Infrastructure.EF.Configs", "src\Infrastructure\SHT.Infrastructure.EF.Configs\SHT.Infrastructure.EF.Configs.csproj", "{59C5B2A5-A034-4CEF-9557-ED0415DE565B}"
EndProject
Project("{FAE04EC0-301F-11D3-BF4B-00C04F79EFBC}") = "SHT.Infrastructure.DataAccess.EF", "src\Infrastructure\SHT.Infrastructure.DataAccess.EF\SHT.Infrastructure.DataAccess.EF.csproj", "{8BA33758-0D08-42CE-BCA3-7FE149A01587}"
EndProject
Project("{FAE04EC0-301F-11D3-BF4B-00C04F79EFBC}") = "SHT.Infrastructure.DataAccess.Abstractions", "src\Infrastructure\SHT.Infrastructure.DataAccess.Abstractions\SHT.Infrastructure.DataAccess.Abstractions.csproj", "{055ECEC4-8E6E-4E9F-B034-83EABD00B98B}"
EndProject
Project("{FAE04EC0-301F-11D3-BF4B-00C04F79EFBC}") = "SHT.Resources", "src\Common\SHT.Resources\SHT.Resources.csproj", "{BF776136-8B93-4E95-AF5A-EB583F51233A}"
EndProject
Project("{FAE04EC0-301F-11D3-BF4B-00C04F79EFBC}") = "SHT.Common", "src\Common\SHT.Common\SHT.Common.csproj", "{2D7DA411-061D-4C5D-9F85-3F4B567A7E57}"
EndProject
Project("{2150E333-8FDC-42A3-9474-1A3956D46DE8}") = "CodeAnalysis", "CodeAnalysis", "{5FF63242-B3A7-4583-918C-74FFADCCA541}"
ProjectSection(SolutionItems) = preProject
	common\CodeAnalysis\CodeAnalysis.props = common\CodeAnalysis\CodeAnalysis.props
	common\CodeAnalysis\CodeAnalysis.ruleset = common\CodeAnalysis\CodeAnalysis.ruleset
	common\CodeAnalysis\stylecop.json = common\CodeAnalysis\stylecop.json
	common\CodeAnalysis\CodeAnalysis.db.props = common\CodeAnalysis\CodeAnalysis.db.props
	common\CodeAnalysis\CodeAnalysis.db.ruleset = common\CodeAnalysis\CodeAnalysis.db.ruleset
	common\CodeAnalysis\CodeAnalysis.tests.props = common\CodeAnalysis\CodeAnalysis.tests.props
	common\CodeAnalysis\CodeAnalysis.tests.ruleset = common\CodeAnalysis\CodeAnalysis.tests.ruleset
EndProjectSection
EndProject
Project("{FAE04EC0-301F-11D3-BF4B-00C04F79EFBC}") = "SHT.Database.EF.Migrations", "src\Database\SHT.Database.EF.Migrations\SHT.Database.EF.Migrations.csproj", "{55F410C9-8138-4737-A821-B38102A96A52}"
EndProject
Project("{2150E333-8FDC-42A3-9474-1A3956D46DE8}") = "tests", "tests", "{3A3D9415-55E8-4E42-8ED3-19CE1EC6A6EF}"
EndProject
Project("{2150E333-8FDC-42A3-9474-1A3956D46DE8}") = "Integration", "Integration", "{644DA782-0748-4FA8-A854-E4DDA9388BA1}"
EndProject
Project("{FAE04EC0-301F-11D3-BF4B-00C04F79EFBC}") = "SHT.Tests.Integration", "tests\Integration\SHT.Tests.Integration\SHT.Tests.Integration.csproj", "{B59E1848-94E6-4F67-BABE-4CD2D1597F57}"
EndProject
Project("{FAE04EC0-301F-11D3-BF4B-00C04F79EFBC}") = "SHT.Database.Defaults", "src\Database\SHT.Database.Defaults\SHT.Database.Defaults.csproj", "{3C89259E-896E-4A4A-8C18-80630BA1286C}"
EndProject
Project("{2150E333-8FDC-42A3-9474-1A3956D46DE8}") = "tools", "tools", "{E7C750AF-B0DE-4B8F-BD9E-2C3572B09BA7}"
EndProject
Project("{FAE04EC0-301F-11D3-BF4B-00C04F79EFBC}") = "SHT.JsonSchemasGenerator", "tools\SHT.JsonSchemasGenerator\SHT.JsonSchemasGenerator.csproj", "{25E8811F-B949-463D-880F-08767B88CF8C}"
EndProject
Project("{FAE04EC0-301F-11D3-BF4B-00C04F79EFBC}") = "SHT.Infrastructure.Services.Abstractions", "src\Infrastructure\SHT.Infrastructure.Services.Abstractions\SHT.Infrastructure.Services.Abstractions.csproj", "{97D5194F-BA32-41C5-904D-A159B061E646}"
EndProject
Project("{FAE04EC0-301F-11D3-BF4B-00C04F79EFBC}") = "SHT.Infrastructure.Services", "src\Infrastructure\SHT.Infrastructure.Services\SHT.Infrastructure.Services.csproj", "{4D01F02F-E694-4851-9F51-93C2FD31DA93}"
EndProject
Project("{FAE04EC0-301F-11D3-BF4B-00C04F79EFBC}") = "SHT.Domain.Questions", "src\Domain\SHT.Domain.Questions\SHT.Domain.Questions.csproj", "{D2BC4297-CE4C-4261-A441-85C7092AC93A}"
EndProject
Project("{FAE04EC0-301F-11D3-BF4B-00C04F79EFBC}") = "SHT.Domain.Common", "src\Domain\SHT.Domain.Common\SHT.Domain.Common.csproj", "{A6EB1941-4DDA-490F-BA2F-32207CD3B3BF}"
EndProject
Project("{FAE04EC0-301F-11D3-BF4B-00C04F79EFBC}") = "SHT.Domain.Users", "src\Domain\SHT.Domain.Users\SHT.Domain.Users.csproj", "{5411D1C0-A75C-47B6-91A4-979BCA326A22}"
EndProject
Project("{2150E333-8FDC-42A3-9474-1A3956D46DE8}") = "7.BackgroundProcess", "7.BackgroundProcess", "{7B2C81EF-C925-413B-9D89-AE3AC7F00CFF}"
EndProject
Project("{FAE04EC0-301F-11D3-BF4B-00C04F79EFBC}") = "SHT.BackgroundProcess.Host", "src\BackgroundProcess\SHT.BackgroundProcess.Host\SHT.BackgroundProcess.Host.csproj", "{B5245AD5-7774-4236-81A7-057672EBF316}"
EndProject
Project("{FAE04EC0-301F-11D3-BF4B-00C04F79EFBC}") = "SHT.BackgroundProcess.Jobs", "src\BackgroundProcess\SHT.BackgroundProcess.Jobs\SHT.BackgroundProcess.Jobs.csproj", "{B164A740-FAEE-402F-BEB7-98372E848D1A}"
EndProject
Project("{FAE04EC0-301F-11D3-BF4B-00C04F79EFBC}") = "SHT.Infrastructure.BackgroundProcess", "src\Infrastructure\SHT.Infrastructure.BackgroundProcess\SHT.Infrastructure.BackgroundProcess.csproj", "{364A10D9-A8F1-42E1-873D-6E2A7BE76643}"
EndProject
Project("{2150E333-8FDC-42A3-9474-1A3956D46DE8}") = "Unit", "Unit", "{29D74DF1-2F6E-4ECD-9D6E-B4AF6B56595A}"
EndProject
Project("{FAE04EC0-301F-11D3-BF4B-00C04F79EFBC}") = "SHT.Tests.Unit.Infrastructure", "tests\Unit\SHT.Tests.Unit.Infrastructure\SHT.Tests.Unit.Infrastructure.csproj", "{B39E4E38-B743-4011-B153-236E71FD3A54}"
EndProject
Project("{FAE04EC0-301F-11D3-BF4B-00C04F79EFBC}") = "SHT.Tests.Unit.Users", "tests\Unit\SHT.Tests.Unit.Users\SHT.Tests.Unit.Users.csproj", "{C302BCBD-1EF4-4C72-A588-6ADA03230D20}"
EndProject
Project("{FAE04EC0-301F-11D3-BF4B-00C04F79EFBC}") = "SHT.Tests.Unit.TestSessions", "tests\Unit\SHT.Tests.Unit.TestSessions\SHT.Tests.Unit.TestSessions.csproj", "{B2B9A3BC-A7FA-4415-8DE2-1505FA95018B}"
EndProject
Project("{FAE04EC0-301F-11D3-BF4B-00C04F79EFBC}") = "SHT.Tests.Unit.Common", "tests\Unit\SHT.Tests.Unit.Common\SHT.Tests.Unit.Common.csproj", "{0B55CF7E-B4B1-4E5B-B007-C67E02965954}"
EndProject
Project("{FAE04EC0-301F-11D3-BF4B-00C04F79EFBC}") = "SHT.Infrastructure.FileStorage", "src\Infrastructure\SHT.Infrastructure.FileStorage\SHT.Infrastructure.FileStorage.csproj", "{8AB8B3B5-4E2D-4AC4-BBFA-BFE9F05D2B2C}"
EndProject
Global
	GlobalSection(SolutionConfigurationPlatforms) = preSolution
		Debug|Any CPU = Debug|Any CPU
		Release|Any CPU = Release|Any CPU
	EndGlobalSection
	GlobalSection(ProjectConfigurationPlatforms) = postSolution
		{A9DF7954-A9B8-4CC4-902E-514DD0DB934E}.Debug|Any CPU.ActiveCfg = Debug|Any CPU
		{A9DF7954-A9B8-4CC4-902E-514DD0DB934E}.Debug|Any CPU.Build.0 = Debug|Any CPU
		{A9DF7954-A9B8-4CC4-902E-514DD0DB934E}.Release|Any CPU.ActiveCfg = Release|Any CPU
		{A9DF7954-A9B8-4CC4-902E-514DD0DB934E}.Release|Any CPU.Build.0 = Release|Any CPU
		{A327B23D-997E-478E-A0AA-5C3AD5CEAB1A}.Debug|Any CPU.ActiveCfg = Debug|Any CPU
		{A327B23D-997E-478E-A0AA-5C3AD5CEAB1A}.Debug|Any CPU.Build.0 = Debug|Any CPU
		{A327B23D-997E-478E-A0AA-5C3AD5CEAB1A}.Release|Any CPU.ActiveCfg = Release|Any CPU
		{A327B23D-997E-478E-A0AA-5C3AD5CEAB1A}.Release|Any CPU.Build.0 = Release|Any CPU
		{119BCA03-DAB8-4C4E-9B8A-D6263D644108}.Debug|Any CPU.ActiveCfg = Debug|Any CPU
		{119BCA03-DAB8-4C4E-9B8A-D6263D644108}.Debug|Any CPU.Build.0 = Debug|Any CPU
		{119BCA03-DAB8-4C4E-9B8A-D6263D644108}.Release|Any CPU.ActiveCfg = Release|Any CPU
		{119BCA03-DAB8-4C4E-9B8A-D6263D644108}.Release|Any CPU.Build.0 = Release|Any CPU
		{C40E09BA-0975-47FB-AC4E-6FB8D718F441}.Debug|Any CPU.ActiveCfg = Debug|Any CPU
		{C40E09BA-0975-47FB-AC4E-6FB8D718F441}.Debug|Any CPU.Build.0 = Debug|Any CPU
		{C40E09BA-0975-47FB-AC4E-6FB8D718F441}.Release|Any CPU.ActiveCfg = Release|Any CPU
		{C40E09BA-0975-47FB-AC4E-6FB8D718F441}.Release|Any CPU.Build.0 = Release|Any CPU
		{9AAE0C31-2C9E-4845-9DD7-B0E027231325}.Debug|Any CPU.ActiveCfg = Debug|Any CPU
		{9AAE0C31-2C9E-4845-9DD7-B0E027231325}.Debug|Any CPU.Build.0 = Debug|Any CPU
		{9AAE0C31-2C9E-4845-9DD7-B0E027231325}.Release|Any CPU.ActiveCfg = Release|Any CPU
		{9AAE0C31-2C9E-4845-9DD7-B0E027231325}.Release|Any CPU.Build.0 = Release|Any CPU
		{59C5B2A5-A034-4CEF-9557-ED0415DE565B}.Debug|Any CPU.ActiveCfg = Debug|Any CPU
		{59C5B2A5-A034-4CEF-9557-ED0415DE565B}.Debug|Any CPU.Build.0 = Debug|Any CPU
		{59C5B2A5-A034-4CEF-9557-ED0415DE565B}.Release|Any CPU.ActiveCfg = Release|Any CPU
		{59C5B2A5-A034-4CEF-9557-ED0415DE565B}.Release|Any CPU.Build.0 = Release|Any CPU
		{8BA33758-0D08-42CE-BCA3-7FE149A01587}.Debug|Any CPU.ActiveCfg = Debug|Any CPU
		{8BA33758-0D08-42CE-BCA3-7FE149A01587}.Debug|Any CPU.Build.0 = Debug|Any CPU
		{8BA33758-0D08-42CE-BCA3-7FE149A01587}.Release|Any CPU.ActiveCfg = Release|Any CPU
		{8BA33758-0D08-42CE-BCA3-7FE149A01587}.Release|Any CPU.Build.0 = Release|Any CPU
		{055ECEC4-8E6E-4E9F-B034-83EABD00B98B}.Debug|Any CPU.ActiveCfg = Debug|Any CPU
		{055ECEC4-8E6E-4E9F-B034-83EABD00B98B}.Debug|Any CPU.Build.0 = Debug|Any CPU
		{055ECEC4-8E6E-4E9F-B034-83EABD00B98B}.Release|Any CPU.ActiveCfg = Release|Any CPU
		{055ECEC4-8E6E-4E9F-B034-83EABD00B98B}.Release|Any CPU.Build.0 = Release|Any CPU
		{BF776136-8B93-4E95-AF5A-EB583F51233A}.Debug|Any CPU.ActiveCfg = Debug|Any CPU
		{BF776136-8B93-4E95-AF5A-EB583F51233A}.Debug|Any CPU.Build.0 = Debug|Any CPU
		{BF776136-8B93-4E95-AF5A-EB583F51233A}.Release|Any CPU.ActiveCfg = Release|Any CPU
		{BF776136-8B93-4E95-AF5A-EB583F51233A}.Release|Any CPU.Build.0 = Release|Any CPU
		{2D7DA411-061D-4C5D-9F85-3F4B567A7E57}.Debug|Any CPU.ActiveCfg = Debug|Any CPU
		{2D7DA411-061D-4C5D-9F85-3F4B567A7E57}.Debug|Any CPU.Build.0 = Debug|Any CPU
		{2D7DA411-061D-4C5D-9F85-3F4B567A7E57}.Release|Any CPU.ActiveCfg = Release|Any CPU
		{2D7DA411-061D-4C5D-9F85-3F4B567A7E57}.Release|Any CPU.Build.0 = Release|Any CPU
		{55F410C9-8138-4737-A821-B38102A96A52}.Debug|Any CPU.ActiveCfg = Debug|Any CPU
		{55F410C9-8138-4737-A821-B38102A96A52}.Debug|Any CPU.Build.0 = Debug|Any CPU
		{55F410C9-8138-4737-A821-B38102A96A52}.Release|Any CPU.ActiveCfg = Release|Any CPU
		{55F410C9-8138-4737-A821-B38102A96A52}.Release|Any CPU.Build.0 = Release|Any CPU
		{B59E1848-94E6-4F67-BABE-4CD2D1597F57}.Debug|Any CPU.ActiveCfg = Debug|Any CPU
		{B59E1848-94E6-4F67-BABE-4CD2D1597F57}.Debug|Any CPU.Build.0 = Debug|Any CPU
		{B59E1848-94E6-4F67-BABE-4CD2D1597F57}.Release|Any CPU.ActiveCfg = Release|Any CPU
		{B59E1848-94E6-4F67-BABE-4CD2D1597F57}.Release|Any CPU.Build.0 = Release|Any CPU
		{3C89259E-896E-4A4A-8C18-80630BA1286C}.Debug|Any CPU.ActiveCfg = Debug|Any CPU
		{3C89259E-896E-4A4A-8C18-80630BA1286C}.Debug|Any CPU.Build.0 = Debug|Any CPU
		{3C89259E-896E-4A4A-8C18-80630BA1286C}.Release|Any CPU.ActiveCfg = Release|Any CPU
		{3C89259E-896E-4A4A-8C18-80630BA1286C}.Release|Any CPU.Build.0 = Release|Any CPU
		{25E8811F-B949-463D-880F-08767B88CF8C}.Debug|Any CPU.ActiveCfg = Debug|Any CPU
		{25E8811F-B949-463D-880F-08767B88CF8C}.Debug|Any CPU.Build.0 = Debug|Any CPU
		{25E8811F-B949-463D-880F-08767B88CF8C}.Release|Any CPU.ActiveCfg = Release|Any CPU
		{25E8811F-B949-463D-880F-08767B88CF8C}.Release|Any CPU.Build.0 = Release|Any CPU
		{97D5194F-BA32-41C5-904D-A159B061E646}.Debug|Any CPU.ActiveCfg = Debug|Any CPU
		{97D5194F-BA32-41C5-904D-A159B061E646}.Debug|Any CPU.Build.0 = Debug|Any CPU
		{97D5194F-BA32-41C5-904D-A159B061E646}.Release|Any CPU.ActiveCfg = Release|Any CPU
		{97D5194F-BA32-41C5-904D-A159B061E646}.Release|Any CPU.Build.0 = Release|Any CPU
		{4D01F02F-E694-4851-9F51-93C2FD31DA93}.Debug|Any CPU.ActiveCfg = Debug|Any CPU
		{4D01F02F-E694-4851-9F51-93C2FD31DA93}.Debug|Any CPU.Build.0 = Debug|Any CPU
		{4D01F02F-E694-4851-9F51-93C2FD31DA93}.Release|Any CPU.ActiveCfg = Release|Any CPU
		{4D01F02F-E694-4851-9F51-93C2FD31DA93}.Release|Any CPU.Build.0 = Release|Any CPU
		{D2BC4297-CE4C-4261-A441-85C7092AC93A}.Debug|Any CPU.ActiveCfg = Debug|Any CPU
		{D2BC4297-CE4C-4261-A441-85C7092AC93A}.Debug|Any CPU.Build.0 = Debug|Any CPU
		{D2BC4297-CE4C-4261-A441-85C7092AC93A}.Release|Any CPU.ActiveCfg = Release|Any CPU
		{D2BC4297-CE4C-4261-A441-85C7092AC93A}.Release|Any CPU.Build.0 = Release|Any CPU
		{A6EB1941-4DDA-490F-BA2F-32207CD3B3BF}.Debug|Any CPU.ActiveCfg = Debug|Any CPU
		{A6EB1941-4DDA-490F-BA2F-32207CD3B3BF}.Debug|Any CPU.Build.0 = Debug|Any CPU
		{A6EB1941-4DDA-490F-BA2F-32207CD3B3BF}.Release|Any CPU.ActiveCfg = Release|Any CPU
		{A6EB1941-4DDA-490F-BA2F-32207CD3B3BF}.Release|Any CPU.Build.0 = Release|Any CPU
		{5411D1C0-A75C-47B6-91A4-979BCA326A22}.Debug|Any CPU.ActiveCfg = Debug|Any CPU
		{5411D1C0-A75C-47B6-91A4-979BCA326A22}.Debug|Any CPU.Build.0 = Debug|Any CPU
		{5411D1C0-A75C-47B6-91A4-979BCA326A22}.Release|Any CPU.ActiveCfg = Release|Any CPU
		{5411D1C0-A75C-47B6-91A4-979BCA326A22}.Release|Any CPU.Build.0 = Release|Any CPU
		{B5245AD5-7774-4236-81A7-057672EBF316}.Debug|Any CPU.ActiveCfg = Debug|Any CPU
		{B5245AD5-7774-4236-81A7-057672EBF316}.Debug|Any CPU.Build.0 = Debug|Any CPU
		{B5245AD5-7774-4236-81A7-057672EBF316}.Release|Any CPU.ActiveCfg = Release|Any CPU
		{B5245AD5-7774-4236-81A7-057672EBF316}.Release|Any CPU.Build.0 = Release|Any CPU
		{B164A740-FAEE-402F-BEB7-98372E848D1A}.Debug|Any CPU.ActiveCfg = Debug|Any CPU
		{B164A740-FAEE-402F-BEB7-98372E848D1A}.Debug|Any CPU.Build.0 = Debug|Any CPU
		{B164A740-FAEE-402F-BEB7-98372E848D1A}.Release|Any CPU.ActiveCfg = Release|Any CPU
		{B164A740-FAEE-402F-BEB7-98372E848D1A}.Release|Any CPU.Build.0 = Release|Any CPU
		{364A10D9-A8F1-42E1-873D-6E2A7BE76643}.Debug|Any CPU.ActiveCfg = Debug|Any CPU
		{364A10D9-A8F1-42E1-873D-6E2A7BE76643}.Debug|Any CPU.Build.0 = Debug|Any CPU
		{364A10D9-A8F1-42E1-873D-6E2A7BE76643}.Release|Any CPU.ActiveCfg = Release|Any CPU
		{364A10D9-A8F1-42E1-873D-6E2A7BE76643}.Release|Any CPU.Build.0 = Release|Any CPU
		{B39E4E38-B743-4011-B153-236E71FD3A54}.Debug|Any CPU.ActiveCfg = Debug|Any CPU
		{B39E4E38-B743-4011-B153-236E71FD3A54}.Debug|Any CPU.Build.0 = Debug|Any CPU
		{B39E4E38-B743-4011-B153-236E71FD3A54}.Release|Any CPU.ActiveCfg = Release|Any CPU
		{B39E4E38-B743-4011-B153-236E71FD3A54}.Release|Any CPU.Build.0 = Release|Any CPU
		{C302BCBD-1EF4-4C72-A588-6ADA03230D20}.Debug|Any CPU.ActiveCfg = Debug|Any CPU
		{C302BCBD-1EF4-4C72-A588-6ADA03230D20}.Debug|Any CPU.Build.0 = Debug|Any CPU
		{C302BCBD-1EF4-4C72-A588-6ADA03230D20}.Release|Any CPU.ActiveCfg = Release|Any CPU
		{C302BCBD-1EF4-4C72-A588-6ADA03230D20}.Release|Any CPU.Build.0 = Release|Any CPU
		{B2B9A3BC-A7FA-4415-8DE2-1505FA95018B}.Debug|Any CPU.ActiveCfg = Debug|Any CPU
		{B2B9A3BC-A7FA-4415-8DE2-1505FA95018B}.Debug|Any CPU.Build.0 = Debug|Any CPU
		{B2B9A3BC-A7FA-4415-8DE2-1505FA95018B}.Release|Any CPU.ActiveCfg = Release|Any CPU
		{B2B9A3BC-A7FA-4415-8DE2-1505FA95018B}.Release|Any CPU.Build.0 = Release|Any CPU
		{0B55CF7E-B4B1-4E5B-B007-C67E02965954}.Debug|Any CPU.ActiveCfg = Debug|Any CPU
		{0B55CF7E-B4B1-4E5B-B007-C67E02965954}.Debug|Any CPU.Build.0 = Debug|Any CPU
		{0B55CF7E-B4B1-4E5B-B007-C67E02965954}.Release|Any CPU.ActiveCfg = Release|Any CPU
		{0B55CF7E-B4B1-4E5B-B007-C67E02965954}.Release|Any CPU.Build.0 = Release|Any CPU
		{8AB8B3B5-4E2D-4AC4-BBFA-BFE9F05D2B2C}.Debug|Any CPU.ActiveCfg = Debug|Any CPU
		{8AB8B3B5-4E2D-4AC4-BBFA-BFE9F05D2B2C}.Debug|Any CPU.Build.0 = Debug|Any CPU
		{8AB8B3B5-4E2D-4AC4-BBFA-BFE9F05D2B2C}.Release|Any CPU.ActiveCfg = Release|Any CPU
		{8AB8B3B5-4E2D-4AC4-BBFA-BFE9F05D2B2C}.Release|Any CPU.Build.0 = Release|Any CPU
	EndGlobalSection
	GlobalSection(NestedProjects) = preSolution
		{5818E696-3968-4F8F-97FA-858489D4F0E4} = {506E9A27-720A-401C-8E90-8B75A1234278}
		{A8101039-A629-471D-B99E-B52984C884F5} = {506E9A27-720A-401C-8E90-8B75A1234278}
		{D3C79F53-1A80-4116-A0AD-3130B8C8936D} = {506E9A27-720A-401C-8E90-8B75A1234278}
		{ED561240-CAE5-4F1D-9DD4-C107B0153028} = {506E9A27-720A-401C-8E90-8B75A1234278}
		{5F34EA21-2ADD-4A63-AE91-4CB6E18D9181} = {506E9A27-720A-401C-8E90-8B75A1234278}
		{A9DF7954-A9B8-4CC4-902E-514DD0DB934E} = {5818E696-3968-4F8F-97FA-858489D4F0E4}
		{A327B23D-997E-478E-A0AA-5C3AD5CEAB1A} = {A8101039-A629-471D-B99E-B52984C884F5}
		{119BCA03-DAB8-4C4E-9B8A-D6263D644108} = {ED561240-CAE5-4F1D-9DD4-C107B0153028}
		{C40E09BA-0975-47FB-AC4E-6FB8D718F441} = {ED561240-CAE5-4F1D-9DD4-C107B0153028}
		{9AAE0C31-2C9E-4845-9DD7-B0E027231325} = {5F34EA21-2ADD-4A63-AE91-4CB6E18D9181}
		{59C5B2A5-A034-4CEF-9557-ED0415DE565B} = {5F34EA21-2ADD-4A63-AE91-4CB6E18D9181}
		{8BA33758-0D08-42CE-BCA3-7FE149A01587} = {5F34EA21-2ADD-4A63-AE91-4CB6E18D9181}
		{055ECEC4-8E6E-4E9F-B034-83EABD00B98B} = {5F34EA21-2ADD-4A63-AE91-4CB6E18D9181}
		{B68D4CE1-19FD-48A9-8EA5-20B2D4EE3B0E} = {506E9A27-720A-401C-8E90-8B75A1234278}
		{BF776136-8B93-4E95-AF5A-EB583F51233A} = {B68D4CE1-19FD-48A9-8EA5-20B2D4EE3B0E}
		{2D7DA411-061D-4C5D-9F85-3F4B567A7E57} = {B68D4CE1-19FD-48A9-8EA5-20B2D4EE3B0E}
		{5FF63242-B3A7-4583-918C-74FFADCCA541} = {4007B6FF-729B-425D-A292-39E9FFD9E11C}
		{55F410C9-8138-4737-A821-B38102A96A52} = {D3C79F53-1A80-4116-A0AD-3130B8C8936D}
		{644DA782-0748-4FA8-A854-E4DDA9388BA1} = {3A3D9415-55E8-4E42-8ED3-19CE1EC6A6EF}
		{B59E1848-94E6-4F67-BABE-4CD2D1597F57} = {644DA782-0748-4FA8-A854-E4DDA9388BA1}
		{3C89259E-896E-4A4A-8C18-80630BA1286C} = {D3C79F53-1A80-4116-A0AD-3130B8C8936D}
		{25E8811F-B949-463D-880F-08767B88CF8C} = {E7C750AF-B0DE-4B8F-BD9E-2C3572B09BA7}
		{97D5194F-BA32-41C5-904D-A159B061E646} = {5F34EA21-2ADD-4A63-AE91-4CB6E18D9181}
		{4D01F02F-E694-4851-9F51-93C2FD31DA93} = {5F34EA21-2ADD-4A63-AE91-4CB6E18D9181}
		{D2BC4297-CE4C-4261-A441-85C7092AC93A} = {ED561240-CAE5-4F1D-9DD4-C107B0153028}
		{A6EB1941-4DDA-490F-BA2F-32207CD3B3BF} = {ED561240-CAE5-4F1D-9DD4-C107B0153028}
		{5411D1C0-A75C-47B6-91A4-979BCA326A22} = {ED561240-CAE5-4F1D-9DD4-C107B0153028}
		{7B2C81EF-C925-413B-9D89-AE3AC7F00CFF} = {506E9A27-720A-401C-8E90-8B75A1234278}
		{B5245AD5-7774-4236-81A7-057672EBF316} = {7B2C81EF-C925-413B-9D89-AE3AC7F00CFF}
		{B164A740-FAEE-402F-BEB7-98372E848D1A} = {7B2C81EF-C925-413B-9D89-AE3AC7F00CFF}
		{364A10D9-A8F1-42E1-873D-6E2A7BE76643} = {5F34EA21-2ADD-4A63-AE91-4CB6E18D9181}
		{29D74DF1-2F6E-4ECD-9D6E-B4AF6B56595A} = {3A3D9415-55E8-4E42-8ED3-19CE1EC6A6EF}
		{B39E4E38-B743-4011-B153-236E71FD3A54} = {29D74DF1-2F6E-4ECD-9D6E-B4AF6B56595A}
		{C302BCBD-1EF4-4C72-A588-6ADA03230D20} = {29D74DF1-2F6E-4ECD-9D6E-B4AF6B56595A}
		{B2B9A3BC-A7FA-4415-8DE2-1505FA95018B} = {29D74DF1-2F6E-4ECD-9D6E-B4AF6B56595A}
		{0B55CF7E-B4B1-4E5B-B007-C67E02965954} = {29D74DF1-2F6E-4ECD-9D6E-B4AF6B56595A}
		{8AB8B3B5-4E2D-4AC4-BBFA-BFE9F05D2B2C} = {5F34EA21-2ADD-4A63-AE91-4CB6E18D9181}
	EndGlobalSection
EndGlobal
